dependencies:
- name: cloudflare-tunnel
  repository: https://cloudflare.github.io/helm-charts
  version: 0.3.2
- name: kgateway-crds
  repository: oci://cr.kgateway.dev/kgateway-dev/charts
  version: v2.1.0-main
- name: kgateway
  repository: oci://cr.kgateway.dev/kgateway-dev/charts
  version: v2.1.0-main
digest: sha256:9447dfde2b45612b0da8b53b7e89adc1279616a4a63527bae0c6c9e73fce4c82
generated: "2025-10-08T15:17:31.71162-04:00"
