dependencies:
- name: kgateway-crds
  repository: oci://cr.kgateway.dev/kgateway-dev/charts
  version: v2.2.1
- name: kgateway
  repository: oci://cr.kgateway.dev/kgateway-dev/charts
  version: v2.2.1
digest: sha256:8fafa0a66420f051153998c3ed722755857d59d6cd185c2ba2534aa4cf672165
generated: "2026-03-13T18:16:25.417584-04:00"
