version: v0.170.0
dependencies:
- name: cilium
  repository: https://helm.cilium.io
  version: 1.16.5
- name: coredns
  repository: https://coredns.github.io/helm
  version: 1.37.3
- name: kubelet-csr-approver
  repository: https://postfinance.github.io/kubelet-csr-approver
  version: 1.2.3
- name: nvidia-device-plugin
  repository: https://nvidia.github.io/k8s-device-plugin
  version: 0.17.0
digest: sha256:f8441c8346eccd8ebee93140040c6f0aa48d40898b1f9030ff196b3249ed276b
generated: "2025-01-30T08:39:32.678822-05:00"
