version: v0.170.0
dependencies:
- name: cilium
  repository: https://helm.cilium.io
  version: 1.16.5
- name: coredns
  repository: https://coredns.github.io/helm
  version: 1.37.3
- name: kubelet-csr-approver
  repository: https://postfinance.github.io/kubelet-csr-approver
  version: 1.2.3
digest: sha256:5fbd4b97f4e8f7ddc856153b81e6ce89c0fd15c88208d071cc8873c8c661a01d
generated: "2025-03-01T07:42:03.858198-05:00"
