version: v0.170.0
dependencies:
- name: cilium
  repository: https://helm.cilium.io
  version: 1.17.3
- name: coredns
  repository: https://coredns.github.io/helm
  version: 1.37.3
- name: csi-driver-nfs
  repository: https://raw.githubusercontent.com/kubernetes-csi/csi-driver-nfs/master/charts
  version: 4.11.0
- name: reflector
  repository: https://emberstack.github.io/helm-charts
  version: 9.1.12
digest: sha256:12aca3301fe4fb25a3addefda7ad54f377bc9786f62cb555d1615242bf4f5edb
generated: "2025-12-04T21:09:45.771824-05:00"
