version: v0.170.0
dependencies:
- name: external-dns
  repository: https://kubernetes-sigs.github.io/external-dns
  version: 1.15.0
- name: external-secrets
  repository: https://charts.external-secrets.io
  version: 0.13.0
- name: mayastor
  repository: https://openebs.github.io/mayastor-extensions/
  version: 2.5.0
digest: sha256:177a8b289b4174e24d7291d6f0c3b1bc6fcde388cb8285728598ddc32745b05a
generated: "2025-01-30T08:39:35.115583-05:00"
