version: v0.170.0
dependencies:
- name: cert-manager
  repository: https://charts.jetstack.io
  version: v1.17.2
- name: external-dns
  repository: https://kubernetes-sigs.github.io/external-dns
  version: 1.15.0
digest: sha256:4763d6178d93105135d0390f7b667519f4d7b085e151de2e4970d6e8f78173f5
generated: "2025-05-17T17:08:50.641156-04:00"
