version: v0.170.0
dependencies:
- name: cert-manager
  repository: https://charts.jetstack.io
  version: v1.20.0
- name: cloudflare-tunnel
  repository: https://cloudflare.github.io/helm-charts
  version: 0.3.2
- name: external-dns
  repository: https://kubernetes-sigs.github.io/external-dns
  version: 1.17.0
- name: external-dns
  repository: https://kubernetes-sigs.github.io/external-dns
  version: 1.17.0
digest: sha256:a47ea91dd4336816e105ad34ef546e49f2e3576e38cc4bec0b96dc5d42f22962
generated: "2026-03-13T18:16:39.815272-04:00"
