version: v0.170.0
dependencies:
- name: node-feature-discovery
  repository: https://kubernetes-sigs.github.io/node-feature-discovery/charts
  version: 0.17.1
- name: nvidia-device-plugin
  repository: https://nvidia.github.io/k8s-device-plugin
  version: 0.16.2
digest: sha256:83f0255d4596f818491ba0c2519d13669f598d1b5e973849ddc45543b3b58f5e
generated: "2025-02-09T10:47:41.760132-05:00"
