version: v0.170.0
dependencies:
- name: dcgm-exporter
  repository: https://nvidia.github.io/dcgm-exporter/helm-charts
  version: 4.0.4
- name: node-feature-discovery
  repository: https://kubernetes-sigs.github.io/node-feature-discovery/charts
  version: 0.17.1
- name: nvidia-device-plugin
  repository: https://nvidia.github.io/k8s-device-plugin
  version: 0.16.2
digest: sha256:83cd17bca7a7c93275a66d66e46836140b17d161276aced86c47bfb12c5da988
generated: "2025-03-05T13:25:28.641389-05:00"
