version: v0.170.0
dependencies:
- name: dcgm-exporter
  repository: https://nvidia.github.io/dcgm-exporter/helm-charts
  version: 3.6.0
- name: kwasm-operator
  repository: http://kwasm.sh/kwasm-operator/
  version: 0.2.3
- name: node-problem-detector
  repository: https://charts.deliveryhero.io/
  version: 2.3.13
- name: nvidia-device-plugin
  repository: https://nvidia.github.io/k8s-device-plugin
  version: 0.17.1
digest: sha256:d51ce4b6658cfbac06f10d71cc9d54032bf379e2ec7cdb7fb39961f75e60698c
generated: "2026-07-07T15:47:23.83651-04:00"
